// !$*UTF8*$!
{
	archiveVersion = 1;
	classes = {
	};
	objectVersion = 56;
	objects = {

/* Begin PBXBuildFile section */
		E550A51D2B6AA54A00E52D58 /* CompactUI.docc in Sources */ = {isa = PBXBuildFile; fileRef = E550A51C2B6AA54A00E52D58 /* CompactUI.docc */; };
		E550A5232B6AA54B00E52D58 /* CompactUI.framework in Frameworks */ = {isa = PBXBuildFile; fileRef = E550A5182B6AA54A00E52D58 /* CompactUI.framework */; };
		E550A5282B6AA54B00E52D58 /* CompactUITests.swift in Sources */ = {isa = PBXBuildFile; fileRef = E550A5272B6AA54B00E52D58 /* CompactUITests.swift */; };
		E550A5292B6AA54B00E52D58 /* CompactUI.h in Headers */ = {isa = PBXBuildFile; fileRef = E550A51B2B6AA54A00E52D58 /* CompactUI.h */; settings = {ATTRIBUTES = (Public, ); }; };
		E568A3912BD4C8BC00F7BA6C /* SignView.swift in Sources */ = {isa = PBXBuildFile; fileRef = E568A3902BD4C8BC00F7BA6C /* SignView.swift */; };
		E568FD632BE744E600021044 /* LayoutDefault.swift in Sources */ = {isa = PBXBuildFile; fileRef = E568FD4F2BE744E600021044 /* LayoutDefault.swift */; };
		E568FD642BE744E600021044 /* LabeledWheelPickerView.swift in Sources */ = {isa = PBXBuildFile; fileRef = E568FD512BE744E600021044 /* LabeledWheelPickerView.swift */; };
		E568FD652BE744E600021044 /* LabeledSegmentPickerView.swift in Sources */ = {isa = PBXBuildFile; fileRef = E568FD522BE744E600021044 /* LabeledSegmentPickerView.swift */; };
		E568FD662BE744E600021044 /* LabeledDropdownListView.swift in Sources */ = {isa = PBXBuildFile; fileRef = E568FD532BE744E600021044 /* LabeledDropdownListView.swift */; };
		E568FD672BE744E600021044 /* LabeledInputTextView.swift in Sources */ = {isa = PBXBuildFile; fileRef = E568FD542BE744E600021044 /* LabeledInputTextView.swift */; };
		E568FD682BE744E600021044 /* LabeledInputPasswordView.swift in Sources */ = {isa = PBXBuildFile; fileRef = E568FD552BE744E600021044 /* LabeledInputPasswordView.swift */; };
		E568FD692BE744E600021044 /* AsyncImageViewModel.swift in Sources */ = {isa = PBXBuildFile; fileRef = E568FD582BE744E600021044 /* AsyncImageViewModel.swift */; };
		E568FD6A2BE744E600021044 /* PasswordTextView.swift in Sources */ = {isa = PBXBuildFile; fileRef = E568FD592BE744E600021044 /* PasswordTextView.swift */; };
		E568FD6B2BE744E600021044 /* GeneralButton.swift in Sources */ = {isa = PBXBuildFile; fileRef = E568FD5A2BE744E600021044 /* GeneralButton.swift */; };
		E568FD6C2BE744E600021044 /* BaseButtonLayout.swift in Sources */ = {isa = PBXBuildFile; fileRef = E568FD5C2BE744E600021044 /* BaseButtonLayout.swift */; };
		E568FD6D2BE744E600021044 /* BaseTextLayout.swift in Sources */ = {isa = PBXBuildFile; fileRef = E568FD5D2BE744E600021044 /* BaseTextLayout.swift */; };
		E568FD6E2BE744E600021044 /* BaseLayout.swift in Sources */ = {isa = PBXBuildFile; fileRef = E568FD5E2BE744E600021044 /* BaseLayout.swift */; };
		E568FD6F2BE744E600021044 /* BaseLabelLayout.swift in Sources */ = {isa = PBXBuildFile; fileRef = E568FD5F2BE744E600021044 /* BaseLabelLayout.swift */; };
		E568FD702BE744E600021044 /* StaticImageView.swift in Sources */ = {isa = PBXBuildFile; fileRef = E568FD602BE744E600021044 /* StaticImageView.swift */; };
		E568FD712BE744E600021044 /* TextView.swift in Sources */ = {isa = PBXBuildFile; fileRef = E568FD612BE744E600021044 /* TextView.swift */; };
		E568FD722BE744E600021044 /* AsyncImageView.swift in Sources */ = {isa = PBXBuildFile; fileRef = E568FD622BE744E600021044 /* AsyncImageView.swift */; };
		E59217792BA60635004EEB47 /* Localizable.xcstrings in Resources */ = {isa = PBXBuildFile; fileRef = E59217782BA60635004EEB47 /* Localizable.xcstrings */; };
		E5CB4BC72BE753F7005FAE02 /* README.md in Resources */ = {isa = PBXBuildFile; fileRef = E5CB4BC62BE753F7005FAE02 /* README.md */; };
/* End PBXBuildFile section */

/* Begin PBXContainerItemProxy section */
		E550A5242B6AA54B00E52D58 /* PBXContainerItemProxy */ = {
			isa = PBXContainerItemProxy;
			containerPortal = E550A50F2B6AA54A00E52D58 /* Project object */;
			proxyType = 1;
			remoteGlobalIDString = E550A5172B6AA54A00E52D58;
			remoteInfo = CompactUI;
		};
/* End PBXContainerItemProxy section */

/* Begin PBXFileReference section */
		E550A5182B6AA54A00E52D58 /* CompactUI.framework */ = {isa = PBXFileReference; explicitFileType = wrapper.framework; includeInIndex = 0; path = CompactUI.framework; sourceTree = BUILT_PRODUCTS_DIR; };
		E550A51B2B6AA54A00E52D58 /* CompactUI.h */ = {isa = PBXFileReference; lastKnownFileType = sourcecode.c.h; path = CompactUI.h; sourceTree = "<group>"; };
		E550A51C2B6AA54A00E52D58 /* CompactUI.docc */ = {isa = PBXFileReference; lastKnownFileType = folder.documentationcatalog; path = CompactUI.docc; sourceTree = "<group>"; };
		E550A5222B6AA54B00E52D58 /* CompactUITests.xctest */ = {isa = PBXFileReference; explicitFileType = wrapper.cfbundle; includeInIndex = 0; path = CompactUITests.xctest; sourceTree = BUILT_PRODUCTS_DIR; };
		E550A5272B6AA54B00E52D58 /* CompactUITests.swift */ = {isa = PBXFileReference; lastKnownFileType = sourcecode.swift; path = CompactUITests.swift; sourceTree = "<group>"; };
		E568A3902BD4C8BC00F7BA6C /* SignView.swift */ = {isa = PBXFileReference; fileEncoding = 4; lastKnownFileType = sourcecode.swift; path = SignView.swift; sourceTree = "<group>"; };
		E568FD4F2BE744E600021044 /* LayoutDefault.swift */ = {isa = PBXFileReference; fileEncoding = 4; lastKnownFileType = sourcecode.swift; path = LayoutDefault.swift; sourceTree = "<group>"; };
		E568FD512BE744E600021044 /* LabeledWheelPickerView.swift */ = {isa = PBXFileReference; fileEncoding = 4; lastKnownFileType = sourcecode.swift; path = LabeledWheelPickerView.swift; sourceTree = "<group>"; };
		E568FD522BE744E600021044 /* LabeledSegmentPickerView.swift */ = {isa = PBXFileReference; fileEncoding = 4; lastKnownFileType = sourcecode.swift; path = LabeledSegmentPickerView.swift; sourceTree = "<group>"; };
		E568FD532BE744E600021044 /* LabeledDropdownListView.swift */ = {isa = PBXFileReference; fileEncoding = 4; lastKnownFileType = sourcecode.swift; path = LabeledDropdownListView.swift; sourceTree = "<group>"; };
		E568FD542BE744E600021044 /* LabeledInputTextView.swift */ = {isa = PBXFileReference; fileEncoding = 4; lastKnownFileType = sourcecode.swift; path = LabeledInputTextView.swift; sourceTree = "<group>"; };
		E568FD552BE744E600021044 /* LabeledInputPasswordView.swift */ = {isa = PBXFileReference; fileEncoding = 4; lastKnownFileType = sourcecode.swift; path = LabeledInputPasswordView.swift; sourceTree = "<group>"; };
		E568FD582BE744E600021044 /* AsyncImageViewModel.swift */ = {isa = PBXFileReference; fileEncoding = 4; lastKnownFileType = sourcecode.swift; path = AsyncImageViewModel.swift; sourceTree = "<group>"; };
		E568FD592BE744E600021044 /* PasswordTextView.swift */ = {isa = PBXFileReference; fileEncoding = 4; lastKnownFileType = sourcecode.swift; path = PasswordTextView.swift; sourceTree = "<group>"; };
		E568FD5A2BE744E600021044 /* GeneralButton.swift */ = {isa = PBXFileReference; fileEncoding = 4; lastKnownFileType = sourcecode.swift; path = GeneralButton.swift; sourceTree = "<group>"; };
		E568FD5C2BE744E600021044 /* BaseButtonLayout.swift */ = {isa = PBXFileReference; fileEncoding = 4; lastKnownFileType = sourcecode.swift; path = BaseButtonLayout.swift; sourceTree = "<group>"; };
		E568FD5D2BE744E600021044 /* BaseTextLayout.swift */ = {isa = PBXFileReference; fileEncoding = 4; lastKnownFileType = sourcecode.swift; path = BaseTextLayout.swift; sourceTree = "<group>"; };
		E568FD5E2BE744E600021044 /* BaseLayout.swift */ = {isa = PBXFileReference; fileEncoding = 4; lastKnownFileType = sourcecode.swift; path = BaseLayout.swift; sourceTree = "<group>"; };
		E568FD5F2BE744E600021044 /* BaseLabelLayout.swift */ = {isa = PBXFileReference; fileEncoding = 4; lastKnownFileType = sourcecode.swift; path = BaseLabelLayout.swift; sourceTree = "<group>"; };
		E568FD602BE744E600021044 /* StaticImageView.swift */ = {isa = PBXFileReference; fileEncoding = 4; lastKnownFileType = sourcecode.swift; path = StaticImageView.swift; sourceTree = "<group>"; };
		E568FD612BE744E600021044 /* TextView.swift */ = {isa = PBXFileReference; fileEncoding = 4; lastKnownFileType = sourcecode.swift; path = TextView.swift; sourceTree = "<group>"; };
		E568FD622BE744E600021044 /* AsyncImageView.swift */ = {isa = PBXFileReference; fileEncoding = 4; lastKnownFileType = sourcecode.swift; path = AsyncImageView.swift; sourceTree = "<group>"; };
		E59217782BA60635004EEB47 /* Localizable.xcstrings */ = {isa = PBXFileReference; lastKnownFileType = text.json.xcstrings; path = Localizable.xcstrings; sourceTree = "<group>"; };
		E5CB4BC62BE753F7005FAE02 /* README.md */ = {isa = PBXFileReference; fileEncoding = 4; lastKnownFileType = net.daringfireball.markdown; path = README.md; sourceTree = "<group>"; };
/* End PBXFileReference section */

/* Begin PBXFrameworksBuildPhase section */
		E550A5152B6AA54A00E52D58 /* Frameworks */ = {
			isa = PBXFrameworksBuildPhase;
			buildActionMask = 2147483647;
			files = (
			);
			runOnlyForDeploymentPostprocessing = 0;
		};
		E550A51F2B6AA54B00E52D58 /* Frameworks */ = {
			isa = PBXFrameworksBuildPhase;
			buildActionMask = 2147483647;
			files = (
				E550A5232B6AA54B00E52D58 /* CompactUI.framework in Frameworks */,
			);
			runOnlyForDeploymentPostprocessing = 0;
		};
/* End PBXFrameworksBuildPhase section */

/* Begin PBXGroup section */
		E550A50E2B6AA54A00E52D58 = {
			isa = PBXGroup;
			children = (
				E550A51A2B6AA54A00E52D58 /* CompactUI */,
				E550A5262B6AA54B00E52D58 /* CompactUITests */,
				E5CB4BC52BE753D3005FAE02 /* Enviroment */,
				E550A5192B6AA54A00E52D58 /* Products */,
			);
			sourceTree = "<group>";
		};
		E550A5192B6AA54A00E52D58 /* Products */ = {
			isa = PBXGroup;
			children = (
				E550A5182B6AA54A00E52D58 /* CompactUI.framework */,
				E550A5222B6AA54B00E52D58 /* CompactUITests.xctest */,
			);
			name = Products;
			sourceTree = "<group>";
		};
		E550A51A2B6AA54A00E52D58 /* CompactUI */ = {
			isa = PBXGroup;
			children = (
				E550A5372B6AAC8E00E52D58 /* UIParts */,
				E550A5322B6AA58200E52D58 /* Sign */,
				E550A51B2B6AA54A00E52D58 /* CompactUI.h */,
				E550A51C2B6AA54A00E52D58 /* CompactUI.docc */,
				E59217782BA60635004EEB47 /* Localizable.xcstrings */,
			);
			path = CompactUI;
			sourceTree = "<group>";
		};
		E550A5262B6AA54B00E52D58 /* CompactUITests */ = {
			isa = PBXGroup;
			children = (
				E550A5272B6AA54B00E52D58 /* CompactUITests.swift */,
			);
			path = CompactUITests;
			sourceTree = "<group>";
		};
		E550A5322B6AA58200E52D58 /* Sign */ = {
			isa = PBXGroup;
			children = (
				E568A3902BD4C8BC00F7BA6C /* SignView.swift */,
			);
			path = Sign;
			sourceTree = "<group>";
		};
		E550A5372B6AAC8E00E52D58 /* UIParts */ = {
			isa = PBXGroup;
			children = (
				E568FD4F2BE744E600021044 /* LayoutDefault.swift */,
				E568FD562BE744E600021044 /* Atoms */,
				E568FD502BE744E600021044 /* Molecules */,
			);
			path = UIParts;
			sourceTree = "<group>";
		};
		E568FD502BE744E600021044 /* Molecules */ = {
			isa = PBXGroup;
			children = (
				E568FD542BE744E600021044 /* LabeledInputTextView.swift */,
				E568FD552BE744E600021044 /* LabeledInputPasswordView.swift */,
				E568FD522BE744E600021044 /* LabeledSegmentPickerView.swift */,
				E568FD512BE744E600021044 /* LabeledWheelPickerView.swift */,
				E568FD532BE744E600021044 /* LabeledDropdownListView.swift */,
			);
			path = Molecules;
			sourceTree = "<group>";
		};
		E568FD562BE744E600021044 /* Atoms */ = {
			isa = PBXGroup;
			children = (
				E568FD5B2BE744E600021044 /* Layout */,
				E568FD572BE744E600021044 /* ViewModel */,
				E568FD612BE744E600021044 /* TextView.swift */,
				E568FD592BE744E600021044 /* PasswordTextView.swift */,
				E568FD5A2BE744E600021044 /* GeneralButton.swift */,
				E568FD602BE744E600021044 /* StaticImageView.swift */,
				E568FD622BE744E600021044 /* AsyncImageView.swift */,
			);
			path = Atoms;
			sourceTree = "<group>";
		};
		E568FD572BE744E600021044 /* ViewModel */ = {
			isa = PBXGroup;
			children = (
				E568FD582BE744E600021044 /* AsyncImageViewModel.swift */,
			);
			path = ViewModel;
			sourceTree = "<group>";
		};
		E568FD5B2BE744E600021044 /* Layout */ = {
			isa = PBXGroup;
			children = (
				E568FD5C2BE744E600021044 /* BaseButtonLayout.swift */,
				E568FD5D2BE744E600021044 /* BaseTextLayout.swift */,
				E568FD5E2BE744E600021044 /* BaseLayout.swift */,
				E568FD5F2BE744E600021044 /* BaseLabelLayout.swift */,
			);
			path = Layout;
			sourceTree = "<group>";
		};
		E5CB4BC52BE753D3005FAE02 /* Enviroment */ = {
			isa = PBXGroup;
			children = (
				E5CB4BC62BE753F7005FAE02 /* README.md */,
			);
			name = Enviroment;
			sourceTree = "<group>";
		};
/* End PBXGroup section */

/* Begin PBXHeadersBuildPhase section */
		E550A5132B6AA54A00E52D58 /* Headers */ = {
			isa = PBXHeadersBuildPhase;
			buildActionMask = 2147483647;
			files = (
				E550A5292B6AA54B00E52D58 /* CompactUI.h in Headers */,
			);
			runOnlyForDeploymentPostprocessing = 0;
		};
/* End PBXHeadersBuildPhase section */

/* Begin PBXNativeTarget section */
		E550A5172B6AA54A00E52D58 /* CompactUI */ = {
			isa = PBXNativeTarget;
			buildConfigurationList = E550A52C2B6AA54B00E52D58 /* Build configuration list for PBXNativeTarget "CompactUI" */;
			buildPhases = (
				E550A5132B6AA54A00E52D58 /* Headers */,
				E550A5142B6AA54A00E52D58 /* Sources */,
				E550A5152B6AA54A00E52D58 /* Frameworks */,
				E550A5162B6AA54A00E52D58 /* Resources */,
			);
			buildRules = (
			);
			dependencies = (
			);
			name = CompactUI;
			productName = CompactUI;
			productReference = E550A5182B6AA54A00E52D58 /* CompactUI.framework */;
			productType = "com.apple.product-type.framework";
		};
		E550A5212B6AA54B00E52D58 /* CompactUITests */ = {
			isa = PBXNativeTarget;
			buildConfigurationList = E550A52F2B6AA54B00E52D58 /* Build configuration list for PBXNativeTarget "CompactUITests" */;
			buildPhases = (
				E550A51E2B6AA54B00E52D58 /* Sources */,
				E550A51F2B6AA54B00E52D58 /* Frameworks */,
				E550A5202B6AA54B00E52D58 /* Resources */,
			);
			buildRules = (
			);
			dependencies = (
				E550A5252B6AA54B00E52D58 /* PBXTargetDependency */,
			);
			name = CompactUITests;
			productName = CompactUITests;
			productReference = E550A5222B6AA54B00E52D58 /* CompactUITests.xctest */;
			productType = "com.apple.product-type.bundle.unit-test";
		};
/* End PBXNativeTarget section */

/* Begin PBXProject section */
		E550A50F2B6AA54A00E52D58 /* Project object */ = {
			isa = PBXProject;
			attributes = {
				BuildIndependentTargetsInParallel = 1;
				LastSwiftUpdateCheck = 1520;
				LastUpgradeCheck = 1520;
				TargetAttributes = {
					E550A5172B6AA54A00E52D58 = {
						CreatedOnToolsVersion = 15.2;
					};
					E550A5212B6AA54B00E52D58 = {
						CreatedOnToolsVersion = 15.2;
					};
				};
			};
			buildConfigurationList = E550A5122B6AA54A00E52D58 /* Build configuration list for PBXProject "CompactUI" */;
			compatibilityVersion = "Xcode 14.0";
			developmentRegion = en;
			hasScannedForEncodings = 0;
			knownRegions = (
				en,
				Base,
				ja,
			);
			mainGroup = E550A50E2B6AA54A00E52D58;
			productRefGroup = E550A5192B6AA54A00E52D58 /* Products */;
			projectDirPath = "";
			projectRoot = "";
			targets = (
				E550A5172B6AA54A00E52D58 /* CompactUI */,
				E550A5212B6AA54B00E52D58 /* CompactUITests */,
			);
		};
/* End PBXProject section */

/* Begin PBXResourcesBuildPhase section */
		E550A5162B6AA54A00E52D58 /* Resources */ = {
			isa = PBXResourcesBuildPhase;
			buildActionMask = 2147483647;
			files = (
				E5CB4BC72BE753F7005FAE02 /* README.md in Resources */,
				E59217792BA60635004EEB47 /* Localizable.xcstrings in Resources */,
			);
			runOnlyForDeploymentPostprocessing = 0;
		};
		E550A5202B6AA54B00E52D58 /* Resources */ = {
			isa = PBXResourcesBuildPhase;
			buildActionMask = 2147483647;
			files = (
			);
			runOnlyForDeploymentPostprocessing = 0;
		};
/* End PBXResourcesBuildPhase section */

/* Begin PBXSourcesBuildPhase section */
		E550A5142B6AA54A00E52D58 /* Sources */ = {
			isa = PBXSourcesBuildPhase;
			buildActionMask = 2147483647;
			files = (
				E568FD6D2BE744E600021044 /* BaseTextLayout.swift in Sources */,
				E568FD6B2BE744E600021044 /* GeneralButton.swift in Sources */,
				E568FD6E2BE744E600021044 /* BaseLayout.swift in Sources */,
				E568FD682BE744E600021044 /* LabeledInputPasswordView.swift in Sources */,
				E568FD6C2BE744E600021044 /* BaseButtonLayout.swift in Sources */,
				E568FD722BE744E600021044 /* AsyncImageView.swift in Sources */,
				E550A51D2B6AA54A00E52D58 /* CompactUI.docc in Sources */,
				E568FD702BE744E600021044 /* StaticImageView.swift in Sources */,
				E568FD652BE744E600021044 /* LabeledSegmentPickerView.swift in Sources */,
				E568FD672BE744E600021044 /* LabeledInputTextView.swift in Sources */,
				E568FD632BE744E600021044 /* LayoutDefault.swift in Sources */,
				E568FD642BE744E600021044 /* LabeledWheelPickerView.swift in Sources */,
				E568FD712BE744E600021044 /* TextView.swift in Sources */,
				E568FD6A2BE744E600021044 /* PasswordTextView.swift in Sources */,
				E568FD692BE744E600021044 /* AsyncImageViewModel.swift in Sources */,
				E568FD6F2BE744E600021044 /* BaseLabelLayout.swift in Sources */,
				E568A3912BD4C8BC00F7BA6C /* SignView.swift in Sources */,
				E568FD662BE744E600021044 /* LabeledDropdownListView.swift in Sources */,
			);
			runOnlyForDeploymentPostprocessing = 0;
		};
		E550A51E2B6AA54B00E52D58 /* Sources */ = {
			isa = PBXSourcesBuildPhase;
			buildActionMask = 2147483647;
			files = (
				E550A5282B6AA54B00E52D58 /* CompactUITests.swift in Sources */,
			);
			runOnlyForDeploymentPostprocessing = 0;
		};
/* End PBXSourcesBuildPhase section */

/* Begin PBXTargetDependency section */
		E550A5252B6AA54B00E52D58 /* PBXTargetDependency */ = {
			isa = PBXTargetDependency;
			target = E550A5172B6AA54A00E52D58 /* CompactUI */;
			targetProxy = E550A5242B6AA54B00E52D58 /* PBXContainerItemProxy */;
		};
/* End PBXTargetDependency section */

/* Begin XCBuildConfiguration section */
		E550A52A2B6AA54B00E52D58 /* Debug */ = {
			isa = XCBuildConfiguration;
			buildSettings = {
				ALWAYS_SEARCH_USER_PATHS = NO;
				ASSETCATALOG_COMPILER_GENERATE_SWIFT_ASSET_SYMBOL_EXTENSIONS = YES;
				CLANG_ANALYZER_NONNULL = YES;
				CLANG_ANALYZER_NUMBER_OBJECT_CONVERSION = YES_AGGRESSIVE;
				CLANG_CXX_LANGUAGE_STANDARD = "gnu++20";
				CLANG_ENABLE_MODULES = YES;
				CLANG_ENABLE_OBJC_ARC = YES;
				CLANG_ENABLE_OBJC_WEAK = YES;
				CLANG_WARN_BLOCK_CAPTURE_AUTORELEASING = YES;
				CLANG_WARN_BOOL_CONVERSION = YES;
				CLANG_WARN_COMMA = YES;
				CLANG_WARN_CONSTANT_CONVERSION = YES;
				CLANG_WARN_DEPRECATED_OBJC_IMPLEMENTATIONS = YES;
				CLANG_WARN_DIRECT_OBJC_ISA_USAGE = YES_ERROR;
				CLANG_WARN_DOCUMENTATION_COMMENTS = YES;
				CLANG_WARN_EMPTY_BODY = YES;
				CLANG_WARN_ENUM_CONVERSION = YES;
				CLANG_WARN_INFINITE_RECURSION = YES;
				CLANG_WARN_INT_CONVERSION = YES;
				CLANG_WARN_NON_LITERAL_NULL_CONVERSION = YES;
				CLANG_WARN_OBJC_IMPLICIT_RETAIN_SELF = YES;
				CLANG_WARN_OBJC_LITERAL_CONVERSION = YES;
				CLANG_WARN_OBJC_ROOT_CLASS = YES_ERROR;
				CLANG_WARN_QUOTED_INCLUDE_IN_FRAMEWORK_HEADER = YES;
				CLANG_WARN_RANGE_LOOP_ANALYSIS = YES;
				CLANG_WARN_STRICT_PROTOTYPES = YES;
				CLANG_WARN_SUSPICIOUS_MOVE = YES;
				CLANG_WARN_UNGUARDED_AVAILABILITY = YES_AGGRESSIVE;
				CLANG_WARN_UNREACHABLE_CODE = YES;
				CLANG_WARN__DUPLICATE_METHOD_MATCH = YES;
				COPY_PHASE_STRIP = NO;
				CURRENT_PROJECT_VERSION = 1;
				DEBUG_INFORMATION_FORMAT = dwarf;
				ENABLE_STRICT_OBJC_MSGSEND = YES;
				ENABLE_TESTABILITY = YES;
				ENABLE_USER_SCRIPT_SANDBOXING = YES;
				GCC_C_LANGUAGE_STANDARD = gnu17;
				GCC_DYNAMIC_NO_PIC = NO;
				GCC_NO_COMMON_BLOCKS = YES;
				GCC_OPTIMIZATION_LEVEL = 0;
				GCC_PREPROCESSOR_DEFINITIONS = (
					"DEBUG=1",
					"$(inherited)",
				);
				GCC_WARN_64_TO_32_BIT_CONVERSION = YES;
				GCC_WARN_ABOUT_RETURN_TYPE = YES_ERROR;
				GCC_WARN_UNDECLARED_SELECTOR = YES;
				GCC_WARN_UNINITIALIZED_AUTOS = YES_AGGRESSIVE;
				GCC_WARN_UNUSED_FUNCTION = YES;
				GCC_WARN_UNUSED_VARIABLE = YES;
				LOCALIZATION_PREFERS_STRING_CATALOGS = YES;
				MTL_ENABLE_DEBUG_INFO = INCLUDE_SOURCE;
				MTL_FAST_MATH = YES;
				ONLY_ACTIVE_ARCH = YES;
				SWIFT_ACTIVE_COMPILATION_CONDITIONS = "DEBUG $(inherited)";
				SWIFT_OPTIMIZATION_LEVEL = "-Onone";
				VERSIONING_SYSTEM = "apple-generic";
				VERSION_INFO_PREFIX = "";
			};
			name = Debug;
		};
		E550A52B2B6AA54B00E52D58 /* Release */ = {
			isa = XCBuildConfiguration;
			buildSettings = {
				ALWAYS_SEARCH_USER_PATHS = NO;
				ASSETCATALOG_COMPILER_GENERATE_SWIFT_ASSET_SYMBOL_EXTENSIONS = YES;
				CLANG_ANALYZER_NONNULL = YES;
				CLANG_ANALYZER_NUMBER_OBJECT_CONVERSION = YES_AGGRESSIVE;
				CLANG_CXX_LANGUAGE_STANDARD = "gnu++20";
				CLANG_ENABLE_MODULES = YES;
				CLANG_ENABLE_OBJC_ARC = YES;
				CLANG_ENABLE_OBJC_WEAK = YES;
				CLANG_WARN_BLOCK_CAPTURE_AUTORELEASING = YES;
				CLANG_WARN_BOOL_CONVERSION = YES;
				CLANG_WARN_COMMA = YES;
				CLANG_WARN_CONSTANT_CONVERSION = YES;
				CLANG_WARN_DEPRECATED_OBJC_IMPLEMENTATIONS = YES;
				CLANG_WARN_DIRECT_OBJC_ISA_USAGE = YES_ERROR;
				CLANG_WARN_DOCUMENTATION_COMMENTS = YES;
				CLANG_WARN_EMPTY_BODY = YES;
				CLANG_WARN_ENUM_CONVERSION = YES;
				CLANG_WARN_INFINITE_RECURSION = YES;
				CLANG_WARN_INT_CONVERSION = YES;
				CLANG_WARN_NON_LITERAL_NULL_CONVERSION = YES;
				CLANG_WARN_OBJC_IMPLICIT_RETAIN_SELF = YES;
				CLANG_WARN_OBJC_LITERAL_CONVERSION = YES;
				CLANG_WARN_OBJC_ROOT_CLASS = YES_ERROR;
				CLANG_WARN_QUOTED_INCLUDE_IN_FRAMEWORK_HEADER = YES;
				CLANG_WARN_RANGE_LOOP_ANALYSIS = YES;
				CLANG_WARN_STRICT_PROTOTYPES = YES;
				CLANG_WARN_SUSPICIOUS_MOVE = YES;
				CLANG_WARN_UNGUARDED_AVAILABILITY = YES_AGGRESSIVE;
				CLANG_WARN_UNREACHABLE_CODE = YES;
				CLANG_WARN__DUPLICATE_METHOD_MATCH = YES;
				COPY_PHASE_STRIP = NO;
				CURRENT_PROJECT_VERSION = 1;
				DEBUG_INFORMATION_FORMAT = "dwarf-with-dsym";
				ENABLE_NS_ASSERTIONS = NO;
				ENABLE_STRICT_OBJC_MSGSEND = YES;
				ENABLE_USER_SCRIPT_SANDBOXING = YES;
				GCC_C_LANGUAGE_STANDARD = gnu17;
				GCC_NO_COMMON_BLOCKS = YES;
				GCC_WARN_64_TO_32_BIT_CONVERSION = YES;
				GCC_WARN_ABOUT_RETURN_TYPE = YES_ERROR;
				GCC_WARN_UNDECLARED_SELECTOR = YES;
				GCC_WARN_UNINITIALIZED_AUTOS = YES_AGGRESSIVE;
				GCC_WARN_UNUSED_FUNCTION = YES;
				GCC_WARN_UNUSED_VARIABLE = YES;
				LOCALIZATION_PREFERS_STRING_CATALOGS = YES;
				MTL_ENABLE_DEBUG_INFO = NO;
				MTL_FAST_MATH = YES;
				SWIFT_COMPILATION_MODE = wholemodule;
				VERSIONING_SYSTEM = "apple-generic";
				VERSION_INFO_PREFIX = "";
			};
			name = Release;
		};
		E550A52D2B6AA54B00E52D58 /* Debug */ = {
			isa = XCBuildConfiguration;
			buildSettings = {
				CODE_SIGN_STYLE = Automatic;
				CURRENT_PROJECT_VERSION = 1;
				DEFINES_MODULE = YES;
				DYLIB_COMPATIBILITY_VERSION = 1;
				DYLIB_CURRENT_VERSION = 1;
				DYLIB_INSTALL_NAME_BASE = "@rpath";
				ENABLE_MODULE_VERIFIER = YES;
				GENERATE_INFOPLIST_FILE = YES;
				INFOPLIST_KEY_NSHumanReadableCopyright = "";
				INSTALL_PATH = "$(LOCAL_LIBRARY_DIR)/Frameworks";
				IPHONEOS_DEPLOYMENT_TARGET = 17.2;
				LD_RUNPATH_SEARCH_PATHS = (
					"@executable_path/Frameworks",
					"@loader_path/Frameworks",
				);
				"LD_RUNPATH_SEARCH_PATHS[sdk=macosx*]" = (
					"@executable_path/../Frameworks",
					"@loader_path/Frameworks",
				);
				MACOSX_DEPLOYMENT_TARGET = 14.2;
				MARKETING_VERSION = 1.0;
				MODULE_VERIFIER_SUPPORTED_LANGUAGES = "objective-c objective-c++";
				MODULE_VERIFIER_SUPPORTED_LANGUAGE_STANDARDS = "gnu17 gnu++20";
				PRODUCT_BUNDLE_IDENTIFIER = jp.co.190yamayama.CompactUI;
				PRODUCT_NAME = "$(TARGET_NAME:c99extidentifier)";
				SDKROOT = auto;
				SKIP_INSTALL = YES;
				SUPPORTED_PLATFORMS = "iphoneos iphonesimulator macosx";
				SWIFT_EMIT_LOC_STRINGS = YES;
				SWIFT_VERSION = 5.0;
				TARGETED_DEVICE_FAMILY = "1,2";
			};
			name = Debug;
		};
		E550A52E2B6AA54B00E52D58 /* Release */ = {
			isa = XCBuildConfiguration;
			buildSettings = {
				CODE_SIGN_STYLE = Automatic;
				CURRENT_PROJECT_VERSION = 1;
				DEFINES_MODULE = YES;
				DYLIB_COMPATIBILITY_VERSION = 1;
				DYLIB_CURRENT_VERSION = 1;
				DYLIB_INSTALL_NAME_BASE = "@rpath";
				ENABLE_MODULE_VERIFIER = YES;
				GENERATE_INFOPLIST_FILE = YES;
				INFOPLIST_KEY_NSHumanReadableCopyright = "";
				INSTALL_PATH = "$(LOCAL_LIBRARY_DIR)/Frameworks";
				IPHONEOS_DEPLOYMENT_TARGET = 17.2;
				LD_RUNPATH_SEARCH_PATHS = (
					"@executable_path/Frameworks",
					"@loader_path/Frameworks",
				);
				"LD_RUNPATH_SEARCH_PATHS[sdk=macosx*]" = (
					"@executable_path/../Frameworks",
					"@loader_path/Frameworks",
				);
				MACOSX_DEPLOYMENT_TARGET = 14.2;
				MARKETING_VERSION = 1.0;
				MODULE_VERIFIER_SUPPORTED_LANGUAGES = "objective-c objective-c++";
				MODULE_VERIFIER_SUPPORTED_LANGUAGE_STANDARDS = "gnu17 gnu++20";
				PRODUCT_BUNDLE_IDENTIFIER = jp.co.190yamayama.CompactUI;
				PRODUCT_NAME = "$(TARGET_NAME:c99extidentifier)";
				SDKROOT = auto;
				SKIP_INSTALL = YES;
				SUPPORTED_PLATFORMS = "iphoneos iphonesimulator macosx";
				SWIFT_EMIT_LOC_STRINGS = YES;
				SWIFT_VERSION = 5.0;
				TARGETED_DEVICE_FAMILY = "1,2";
			};
			name = Release;
		};
		E550A5302B6AA54B00E52D58 /* Debug */ = {
			isa = XCBuildConfiguration;
			buildSettings = {
				ALWAYS_EMBED_SWIFT_STANDARD_LIBRARIES = YES;
				CODE_SIGN_STYLE = Automatic;
				CURRENT_PROJECT_VERSION = 1;
				GENERATE_INFOPLIST_FILE = YES;
				IPHONEOS_DEPLOYMENT_TARGET = 17.2;
				MACOSX_DEPLOYMENT_TARGET = 14.2;
				MARKETING_VERSION = 1.0;
				PRODUCT_BUNDLE_IDENTIFIER = jp.co.190yamayama.CompactUITests;
				PRODUCT_NAME = "$(TARGET_NAME)";
				SDKROOT = auto;
				SUPPORTED_PLATFORMS = "iphoneos iphonesimulator macosx";
				SWIFT_EMIT_LOC_STRINGS = NO;
				SWIFT_VERSION = 5.0;
				TARGETED_DEVICE_FAMILY = "1,2";
			};
			name = Debug;
		};
		E550A5312B6AA54B00E52D58 /* Release */ = {
			isa = XCBuildConfiguration;
			buildSettings = {
				ALWAYS_EMBED_SWIFT_STANDARD_LIBRARIES = YES;
				CODE_SIGN_STYLE = Automatic;
				CURRENT_PROJECT_VERSION = 1;
				GENERATE_INFOPLIST_FILE = YES;
				IPHONEOS_DEPLOYMENT_TARGET = 17.2;
				MACOSX_DEPLOYMENT_TARGET = 14.2;
				MARKETING_VERSION = 1.0;
				PRODUCT_BUNDLE_IDENTIFIER = jp.co.190yamayama.CompactUITests;
				PRODUCT_NAME = "$(TARGET_NAME)";
				SDKROOT = auto;
				SUPPORTED_PLATFORMS = "iphoneos iphonesimulator macosx";
				SWIFT_EMIT_LOC_STRINGS = NO;
				SWIFT_VERSION = 5.0;
				TARGETED_DEVICE_FAMILY = "1,2";
			};
			name = Release;
		};
/* End XCBuildConfiguration section */

/* Begin XCConfigurationList section */
		E550A5122B6AA54A00E52D58 /* Build configuration list for PBXProject "CompactUI" */ = {
			isa = XCConfigurationList;
			buildConfigurations = (
				E550A52A2B6AA54B00E52D58 /* Debug */,
				E550A52B2B6AA54B00E52D58 /* Release */,
			);
			defaultConfigurationIsVisible = 0;
			defaultConfigurationName = Release;
		};
		E550A52C2B6AA54B00E52D58 /* Build configuration list for PBXNativeTarget "CompactUI" */ = {
			isa = XCConfigurationList;
			buildConfigurations = (
				E550A52D2B6AA54B00E52D58 /* Debug */,
				E550A52E2B6AA54B00E52D58 /* Release */,
			);
			defaultConfigurationIsVisible = 0;
			defaultConfigurationName = Release;
		};
		E550A52F2B6AA54B00E52D58 /* Build configuration list for PBXNativeTarget "CompactUITests" */ = {
			isa = XCConfigurationList;
			buildConfigurations = (
				E550A5302B6AA54B00E52D58 /* Debug */,
				E550A5312B6AA54B00E52D58 /* Release */,
			);
			defaultConfigurationIsVisible = 0;
			defaultConfigurationName = Release;
		};
/* End XCConfigurationList section */
	};
	rootObject = E550A50F2B6AA54A00E52D58 /* Project object */;
}
